
Microsoft Visual Studio Solution File, Format Version 12.00
# Visual Studio Version 17
VisualStudioVersion = 17.14.37111.16 d17.14
MinimumVisualStudioVersion = 10.0.40219.1
Project("{FAE04EC0-301F-11D3-BF4B-00C04F79EFBC}") = "HowToMakeCodeFirst", "HowToMakeCodeFirst.csproj", "{5C9D69DF-679E-4364-B6A6-E7EB5B828B05}"
EndProject
Global
	GlobalSection(SolutionConfigurationPlatforms) = preSolution
		Debug|Any CPU = Debug|Any CPU
		Release|Any CPU = Release|Any CPU
	EndGlobalSection
	GlobalSection(ProjectConfigurationPlatforms) = postSolution
		{5C9D69DF-679E-4364-B6A6-E7EB5B828B05}.Debug|Any CPU.ActiveCfg = Debug|Any CPU
		{5C9D69DF-679E-4364-B6A6-E7EB5B828B05}.Debug|Any CPU.Build.0 = Debug|Any CPU
		{5C9D69DF-679E-4364-B6A6-E7EB5B828B05}.Release|Any CPU.ActiveCfg = Release|Any CPU
		{5C9D69DF-679E-4364-B6A6-E7EB5B828B05}.Release|Any CPU.Build.0 = Release|Any CPU
	EndGlobalSection
	GlobalSection(SolutionProperties) = preSolution
		HideSolutionNode = FALSE
	EndGlobalSection
	GlobalSection(ExtensibilityGlobals) = postSolution
		SolutionGuid = {E4C73F6F-96B6-488D-94BE-C33A342B4FB0}
	EndGlobalSection
EndGlobal
